// !$*UTF8*$!
{
	archiveVersion = 1;
	classes = {
	};
	objectVersion = 56;
	objects = {

/* Begin PBXBuildFile section */
		F126711F29A41E6B00CBC01E /* TimerSwiftUIHWApp.swift in Sources */ = {isa = PBXBuildFile; fileRef = F126711E29A41E6B00CBC01E /* TimerSwiftUIHWApp.swift */; };
		F126712129A41E6B00CBC01E /* StarterView.swift in Sources */ = {isa = PBXBuildFile; fileRef = F126712029A41E6B00CBC01E /* StarterView.swift */; };
		F126712329A41E7500CBC01E /* Assets.xcassets in Resources */ = {isa = PBXBuildFile; fileRef = F126712229A41E7500CBC01E /* Assets.xcassets */; };
		F126712629A41E7500CBC01E /* Preview Assets.xcassets in Resources */ = {isa = PBXBuildFile; fileRef = F126712529A41E7500CBC01E /* Preview Assets.xcassets */; };
		F126712F29A41F2300CBC01E /* RegisterView.swift in Sources */ = {isa = PBXBuildFile; fileRef = F126712E29A41F2300CBC01E /* RegisterView.swift */; };
		F126713129A41F3F00CBC01E /* TimerView.swift in Sources */ = {isa = PBXBuildFile; fileRef = F126713029A41F3F00CBC01E /* TimerView.swift */; };
		F126713429A41F8700CBC01E /* TimeCounter.swift in Sources */ = {isa = PBXBuildFile; fileRef = F126713329A41F8700CBC01E /* TimeCounter.swift */; };
		F126713629A41FA500CBC01E /* UserManager.swift in Sources */ = {isa = PBXBuildFile; fileRef = F126713529A41FA500CBC01E /* UserManager.swift */; };
/* End PBXBuildFile section */

/* Begin PBXFileReference section */
		F126711B29A41E6B00CBC01E /* TimerSwiftUIHW.app */ = {isa = PBXFileReference; explicitFileType = wrapper.application; includeInIndex = 0; path = TimerSwiftUIHW.app; sourceTree = BUILT_PRODUCTS_DIR; };
		F126711E29A41E6B00CBC01E /* TimerSwiftUIHWApp.swift */ = {isa = PBXFileReference; lastKnownFileType = sourcecode.swift; path = TimerSwiftUIHWApp.swift; sourceTree = "<group>"; };
		F126712029A41E6B00CBC01E /* StarterView.swift */ = {isa = PBXFileReference; lastKnownFileType = sourcecode.swift; path = StarterView.swift; sourceTree = "<group>"; };
		F126712229A41E7500CBC01E /* Assets.xcassets */ = {isa = PBXFileReference; lastKnownFileType = folder.assetcatalog; path = Assets.xcassets; sourceTree = "<group>"; };
		F126712529A41E7500CBC01E /* Preview Assets.xcassets */ = {isa = PBXFileReference; lastKnownFileType = folder.assetcatalog; path = "Preview Assets.xcassets"; sourceTree = "<group>"; };
		F126712E29A41F2300CBC01E /* RegisterView.swift */ = {isa = PBXFileReference; lastKnownFileType = sourcecode.swift; path = RegisterView.swift; sourceTree = "<group>"; };
		F126713029A41F3F00CBC01E /* TimerView.swift */ = {isa = PBXFileReference; lastKnownFileType = sourcecode.swift; path = TimerView.swift; sourceTree = "<group>"; };
		F126713329A41F8700CBC01E /* TimeCounter.swift */ = {isa = PBXFileReference; lastKnownFileType = sourcecode.swift; path = TimeCounter.swift; sourceTree = "<group>"; };
		F126713529A41FA500CBC01E /* UserManager.swift */ = {isa = PBXFileReference; lastKnownFileType = sourcecode.swift; path = UserManager.swift; sourceTree = "<group>"; };
/* End PBXFileReference section */

/* Begin PBXFrameworksBuildPhase section */
		F126711829A41E6B00CBC01E /* Frameworks */ = {
			isa = PBXFrameworksBuildPhase;
			buildActionMask = 2147483647;
			files = (
			);
			runOnlyForDeploymentPostprocessing = 0;
		};
/* End PBXFrameworksBuildPhase section */

/* Begin PBXGroup section */
		F126711229A41E6B00CBC01E = {
			isa = PBXGroup;
			children = (
				F126711D29A41E6B00CBC01E /* TimerSwiftUIHW */,
				F126711C29A41E6B00CBC01E /* Products */,
			);
			sourceTree = "<group>";
		};
		F126711C29A41E6B00CBC01E /* Products */ = {
			isa = PBXGroup;
			children = (
				F126711B29A41E6B00CBC01E /* TimerSwiftUIHW.app */,
			);
			name = Products;
			sourceTree = "<group>";
		};
		F126711D29A41E6B00CBC01E /* TimerSwiftUIHW */ = {
			isa = PBXGroup;
			children = (
				F126712C29A41EB600CBC01E /* App */,
				F126712D29A41EC800CBC01E /* Views */,
				F126713229A41F5000CBC01E /* ObservableObject */,
				F126712229A41E7500CBC01E /* Assets.xcassets */,
				F126712429A41E7500CBC01E /* Preview Content */,
			);
			path = TimerSwiftUIHW;
			sourceTree = "<group>";
		};
		F126712429A41E7500CBC01E /* Preview Content */ = {
			isa = PBXGroup;
			children = (
				F126712529A41E7500CBC01E /* Preview Assets.xcassets */,
			);
			path = "Preview Content";
			sourceTree = "<group>";
		};
		F126712C29A41EB600CBC01E /* App */ = {
			isa = PBXGroup;
			children = (
				F126711E29A41E6B00CBC01E /* TimerSwiftUIHWApp.swift */,
			);
			path = App;
			sourceTree = "<group>";
		};
		F126712D29A41EC800CBC01E /* Views */ = {
			isa = PBXGroup;
			children = (
				F126712029A41E6B00CBC01E /* StarterView.swift */,
				F126712E29A41F2300CBC01E /* RegisterView.swift */,
				F126713029A41F3F00CBC01E /* TimerView.swift */,
			);
			path = Views;
			sourceTree = "<group>";
		};
		F126713229A41F5000CBC01E /* ObservableObject */ = {
			isa = PBXGroup;
			children = (
				F126713329A41F8700CBC01E /* TimeCounter.swift */,
				F126713529A41FA500CBC01E /* UserManager.swift */,
			);
			path = ObservableObject;
			sourceTree = "<group>";
		};
/* End PBXGroup section */

/* Begin PBXNativeTarget section */
		F126711A29A41E6B00CBC01E /* TimerSwiftUIHW */ = {
			isa = PBXNativeTarget;
			buildConfigurationList = F126712929A41E7500CBC01E /* Build configuration list for PBXNativeTarget "TimerSwiftUIHW" */;
			buildPhases = (
				F126711729A41E6B00CBC01E /* Sources */,
				F126711829A41E6B00CBC01E /* Frameworks */,
				F126711929A41E6B00CBC01E /* Resources */,
			);
			buildRules = (
			);
			dependencies = (
			);
			name = TimerSwiftUIHW;
			productName = TimerSwiftUIHW;
			productReference = F126711B29A41E6B00CBC01E /* TimerSwiftUIHW.app */;
			productType = "com.apple.product-type.application";
		};
/* End PBXNativeTarget section */

/* Begin PBXProject section */
		F126711329A41E6B00CBC01E /* Project object */ = {
			isa = PBXProject;
			attributes = {
				BuildIndependentTargetsInParallel = 1;
				LastSwiftUpdateCheck = 1420;
				LastUpgradeCheck = 1420;
				TargetAttributes = {
					F126711A29A41E6B00CBC01E = {
						CreatedOnToolsVersion = 14.2;
					};
				};
			};
			buildConfigurationList = F126711629A41E6B00CBC01E /* Build configuration list for PBXProject "TimerSwiftUIHW" */;
			compatibilityVersion = "Xcode 14.0";
			developmentRegion = en;
			hasScannedForEncodings = 0;
			knownRegions = (
				en,
				Base,
			);
			mainGroup = F126711229A41E6B00CBC01E;
			productRefGroup = F126711C29A41E6B00CBC01E /* Products */;
			projectDirPath = "";
			projectRoot = "";
			targets = (
				F126711A29A41E6B00CBC01E /* TimerSwiftUIHW */,
			);
		};
/* End PBXProject section */

/* Begin PBXResourcesBuildPhase section */
		F126711929A41E6B00CBC01E /* Resources */ = {
			isa = PBXResourcesBuildPhase;
			buildActionMask = 2147483647;
			files = (
				F126712629A41E7500CBC01E /* Preview Assets.xcassets in Resources */,
				F126712329A41E7500CBC01E /* Assets.xcassets in Resources */,
			);
			runOnlyForDeploymentPostprocessing = 0;
		};
/* End PBXResourcesBuildPhase section */

/* Begin PBXSourcesBuildPhase section */
		F126711729A41E6B00CBC01E /* Sources */ = {
			isa = PBXSourcesBuildPhase;
			buildActionMask = 2147483647;
			files = (
				F126713629A41FA500CBC01E /* UserManager.swift in Sources */,
				F126712F29A41F2300CBC01E /* RegisterView.swift in Sources */,
				F126712129A41E6B00CBC01E /* StarterView.swift in Sources */,
				F126713129A41F3F00CBC01E /* TimerView.swift in Sources */,
				F126713429A41F8700CBC01E /* TimeCounter.swift in Sources */,
				F126711F29A41E6B00CBC01E /* TimerSwiftUIHWApp.swift in Sources */,
			);
			runOnlyForDeploymentPostprocessing = 0;
		};
/* End PBXSourcesBuildPhase section */

/* Begin XCBuildConfiguration section */
		F126712729A41E7500CBC01E /* Debug */ = {
			isa = XCBuildConfiguration;
			buildSettings = {
				ALWAYS_SEARCH_USER_PATHS = NO;
				CLANG_ANALYZER_NONNULL = YES;
				CLANG_ANALYZER_NUMBER_OBJECT_CONVERSION = YES_AGGRESSIVE;
				CLANG_CXX_LANGUAGE_STANDARD = "gnu++20";
				CLANG_ENABLE_MODULES = YES;
				CLANG_ENABLE_OBJC_ARC = YES;
				CLANG_ENABLE_OBJC_WEAK = YES;
				CLANG_WARN_BLOCK_CAPTURE_AUTORELEASING = YES;
				CLANG_WARN_BOOL_CONVERSION = YES;
				CLANG_WARN_COMMA = YES;
				CLANG_WARN_CONSTANT_CONVERSION = YES;
				CLANG_WARN_DEPRECATED_OBJC_IMPLEMENTATIONS = YES;
				CLANG_WARN_DIRECT_OBJC_ISA_USAGE = YES_ERROR;
				CLANG_WARN_DOCUMENTATION_COMMENTS = YES;
				CLANG_WARN_EMPTY_BODY = YES;
				CLANG_WARN_ENUM_CONVERSION = YES;
				CLANG_WARN_INFINITE_RECURSION = YES;
				CLANG_WARN_INT_CONVERSION = YES;
				CLANG_WARN_NON_LITERAL_NULL_CONVERSION = YES;
				CLANG_WARN_OBJC_IMPLICIT_RETAIN_SELF = YES;
				CLANG_WARN_OBJC_LITERAL_CONVERSION = YES;
				CLANG_WARN_OBJC_ROOT_CLASS = YES_ERROR;
				CLANG_WARN_QUOTED_INCLUDE_IN_FRAMEWORK_HEADER = YES;
				CLANG_WARN_RANGE_LOOP_ANALYSIS = YES;
				CLANG_WARN_STRICT_PROTOTYPES = YES;
				CLANG_WARN_SUSPICIOUS_MOVE = YES;
				CLANG_WARN_UNGUARDED_AVAILABILITY = YES_AGGRESSIVE;
				CLANG_WARN_UNREACHABLE_CODE = YES;
				CLANG_WARN__DUPLICATE_METHOD_MATCH = YES;
				COPY_PHASE_STRIP = NO;
				DEBUG_INFORMATION_FORMAT = dwarf;
				ENABLE_STRICT_OBJC_MSGSEND = YES;
				ENABLE_TESTABILITY = YES;
				GCC_C_LANGUAGE_STANDARD = gnu11;
				GCC_DYNAMIC_NO_PIC = NO;
				GCC_NO_COMMON_BLOCKS = YES;
				GCC_OPTIMIZATION_LEVEL = 0;
				GCC_PREPROCESSOR_DEFINITIONS = (
					"DEBUG=1",
					"$(inherited)",
				);
				GCC_WARN_64_TO_32_BIT_CONVERSION = YES;
				GCC_WARN_ABOUT_RETURN_TYPE = YES_ERROR;
				GCC_WARN_UNDECLARED_SELECTOR = YES;
				GCC_WARN_UNINITIALIZED_AUTOS = YES_AGGRESSIVE;
				GCC_WARN_UNUSED_FUNCTION = YES;
				GCC_WARN_UNUSED_VARIABLE = YES;
				IPHONEOS_DEPLOYMENT_TARGET = 16.2;
				MTL_ENABLE_DEBUG_INFO = INCLUDE_SOURCE;
				MTL_FAST_MATH = YES;
				ONLY_ACTIVE_ARCH = YES;
				SDKROOT = iphoneos;
				SWIFT_ACTIVE_COMPILATION_CONDITIONS = DEBUG;
				SWIFT_OPTIMIZATION_LEVEL = "-Onone";
			};
			name = Debug;
		};
		F126712829A41E7500CBC01E /* Release */ = {
			isa = XCBuildConfiguration;
			buildSettings = {
				ALWAYS_SEARCH_USER_PATHS = NO;
				CLANG_ANALYZER_NONNULL = YES;
				CLANG_ANALYZER_NUMBER_OBJECT_CONVERSION = YES_AGGRESSIVE;
				CLANG_CXX_LANGUAGE_STANDARD = "gnu++20";
				CLANG_ENABLE_MODULES = YES;
				CLANG_ENABLE_OBJC_ARC = YES;
				CLANG_ENABLE_OBJC_WEAK = YES;
				CLANG_WARN_BLOCK_CAPTURE_AUTORELEASING = YES;
				CLANG_WARN_BOOL_CONVERSION = YES;
				CLANG_WARN_COMMA = YES;
				CLANG_WARN_CONSTANT_CONVERSION = YES;
				CLANG_WARN_DEPRECATED_OBJC_IMPLEMENTATIONS = YES;
				CLANG_WARN_DIRECT_OBJC_ISA_USAGE = YES_ERROR;
				CLANG_WARN_DOCUMENTATION_COMMENTS = YES;
				CLANG_WARN_EMPTY_BODY = YES;
				CLANG_WARN_ENUM_CONVERSION = YES;
				CLANG_WARN_INFINITE_RECURSION = YES;
				CLANG_WARN_INT_CONVERSION = YES;
				CLANG_WARN_NON_LITERAL_NULL_CONVERSION = YES;
				CLANG_WARN_OBJC_IMPLICIT_RETAIN_SELF = YES;
				CLANG_WARN_OBJC_LITERAL_CONVERSION = YES;
				CLANG_WARN_OBJC_ROOT_CLASS = YES_ERROR;
				CLANG_WARN_QUOTED_INCLUDE_IN_FRAMEWORK_HEADER = YES;
				CLANG_WARN_RANGE_LOOP_ANALYSIS = YES;
				CLANG_WARN_STRICT_PROTOTYPES = YES;
				CLANG_WARN_SUSPICIOUS_MOVE = YES;
				CLANG_WARN_UNGUARDED_AVAILABILITY = YES_AGGRESSIVE;
				CLANG_WARN_UNREACHABLE_CODE = YES;
				CLANG_WARN__DUPLICATE_METHOD_MATCH = YES;
				COPY_PHASE_STRIP = NO;
				DEBUG_INFORMATION_FORMAT = "dwarf-with-dsym";
				ENABLE_NS_ASSERTIONS = NO;
				ENABLE_STRICT_OBJC_MSGSEND = YES;
				GCC_C_LANGUAGE_STANDARD = gnu11;
				GCC_NO_COMMON_BLOCKS = YES;
				GCC_WARN_64_TO_32_BIT_CONVERSION = YES;
				GCC_WARN_ABOUT_RETURN_TYPE = YES_ERROR;
				GCC_WARN_UNDECLARED_SELECTOR = YES;
				GCC_WARN_UNINITIALIZED_AUTOS = YES_AGGRESSIVE;
				GCC_WARN_UNUSED_FUNCTION = YES;
				GCC_WARN_UNUSED_VARIABLE = YES;
				IPHONEOS_DEPLOYMENT_TARGET = 16.2;
				MTL_ENABLE_DEBUG_INFO = NO;
				MTL_FAST_MATH = YES;
				SDKROOT = iphoneos;
				SWIFT_COMPILATION_MODE = wholemodule;
				SWIFT_OPTIMIZATION_LEVEL = "-O";
				VALIDATE_PRODUCT = YES;
			};
			name = Release;
		};
		F126712A29A41E7500CBC01E /* Debug */ = {
			isa = XCBuildConfiguration;
			buildSettings = {
				ASSETCATALOG_COMPILER_APPICON_NAME = AppIcon;
				ASSETCATALOG_COMPILER_GLOBAL_ACCENT_COLOR_NAME = AccentColor;
				CODE_SIGN_STYLE = Automatic;
				CURRENT_PROJECT_VERSION = 1;
				DEVELOPMENT_ASSET_PATHS = "\"TimerSwiftUIHW/Preview Content\"";
				DEVELOPMENT_TEAM = 5RP4RS5KAM;
				ENABLE_PREVIEWS = YES;
				GENERATE_INFOPLIST_FILE = YES;
				INFOPLIST_KEY_UIApplicationSceneManifest_Generation = YES;
				INFOPLIST_KEY_UIApplicationSupportsIndirectInputEvents = YES;
				INFOPLIST_KEY_UILaunchScreen_Generation = YES;
				INFOPLIST_KEY_UISupportedInterfaceOrientations_iPad = "UIInterfaceOrientationPortrait UIInterfaceOrientationPortraitUpsideDown UIInterfaceOrientationLandscapeLeft UIInterfaceOrientationLandscapeRight";
				INFOPLIST_KEY_UISupportedInterfaceOrientations_iPhone = "UIInterfaceOrientationPortrait UIInterfaceOrientationLandscapeLeft UIInterfaceOrientationLandscapeRight";
				LD_RUNPATH_SEARCH_PATHS = (
					"$(inherited)",
					"@executable_path/Frameworks",
				);
				MARKETING_VERSION = 1.0;
				PRODUCT_BUNDLE_IDENTIFIER = cpp.TimerSwiftUIHW;
				PRODUCT_NAME = "$(TARGET_NAME)";
				SWIFT_EMIT_LOC_STRINGS = YES;
				SWIFT_VERSION = 5.0;
				TARGETED_DEVICE_FAMILY = "1,2";
			};
			name = Debug;
		};
		F126712B29A41E7500CBC01E /* Release */ = {
			isa = XCBuildConfiguration;
			buildSettings = {
				ASSETCATALOG_COMPILER_APPICON_NAME = AppIcon;
				ASSETCATALOG_COMPILER_GLOBAL_ACCENT_COLOR_NAME = AccentColor;
				CODE_SIGN_STYLE = Automatic;
				CURRENT_PROJECT_VERSION = 1;
				DEVELOPMENT_ASSET_PATHS = "\"TimerSwiftUIHW/Preview Content\"";
				DEVELOPMENT_TEAM = 5RP4RS5KAM;
				ENABLE_PREVIEWS = YES;
				GENERATE_INFOPLIST_FILE = YES;
				INFOPLIST_KEY_UIApplicationSceneManifest_Generation = YES;
				INFOPLIST_KEY_UIApplicationSupportsIndirectInputEvents = YES;
				INFOPLIST_KEY_UILaunchScreen_Generation = YES;
				INFOPLIST_KEY_UISupportedInterfaceOrientations_iPad = "UIInterfaceOrientationPortrait UIInterfaceOrientationPortraitUpsideDown UIInterfaceOrientationLandscapeLeft UIInterfaceOrientationLandscapeRight";
				INFOPLIST_KEY_UISupportedInterfaceOrientations_iPhone = "UIInterfaceOrientationPortrait UIInterfaceOrientationLandscapeLeft UIInterfaceOrientationLandscapeRight";
				LD_RUNPATH_SEARCH_PATHS = (
					"$(inherited)",
					"@executable_path/Frameworks",
				);
				MARKETING_VERSION = 1.0;
				PRODUCT_BUNDLE_IDENTIFIER = cpp.TimerSwiftUIHW;
				PRODUCT_NAME = "$(TARGET_NAME)";
				SWIFT_EMIT_LOC_STRINGS = YES;
				SWIFT_VERSION = 5.0;
				TARGETED_DEVICE_FAMILY = "1,2";
			};
			name = Release;
		};
/* End XCBuildConfiguration section */

/* Begin XCConfigurationList section */
		F126711629A41E6B00CBC01E /* Build configuration list for PBXProject "TimerSwiftUIHW" */ = {
			isa = XCConfigurationList;
			buildConfigurations = (
				F126712729A41E7500CBC01E /* Debug */,
				F126712829A41E7500CBC01E /* Release */,
			);
			defaultConfigurationIsVisible = 0;
			defaultConfigurationName = Release;
		};
		F126712929A41E7500CBC01E /* Build configuration list for PBXNativeTarget "TimerSwiftUIHW" */ = {
			isa = XCConfigurationList;
			buildConfigurations = (
				F126712A29A41E7500CBC01E /* Debug */,
				F126712B29A41E7500CBC01E /* Release */,
			);
			defaultConfigurationIsVisible = 0;
			defaultConfigurationName = Release;
		};
/* End XCConfigurationList section */
	};
	rootObject = F126711329A41E6B00CBC01E /* Project object */;
}
